
Microsoft Visual Studio Solution File, Format Version 12.00
# Visual Studio Version 16
VisualStudioVersion = 16.0.30204.135
MinimumVisualStudioVersion = 10.0.40219.1
Project("{2150E333-8FDC-42A3-9474-1A3956D46DE8}") = "Tests", "Tests", "{FECE806B-42AC-4DFB-9904-B5DD23B903C4}"
EndProject
Project("{9A19103F-16F7-4668-BE54-9A1E7A4F7556}") = "Api.Tests", "Api.Tests\Api.Tests.csproj", "{CF796038-1D83-4BC4-A136-198E58E6B85B}"
EndProject
Project("{9A19103F-16F7-4668-BE54-9A1E7A4F7556}") = "Api", "Api\Api.csproj", "{7631176E-37DC-4CCF-8650-8F656BB5A445}"
EndProject
Project("{2150E333-8FDC-42A3-9474-1A3956D46DE8}") = "Service", "Service", "{62D4EE65-EC72-402E-B411-5D1A67F7F468}"
EndProject
Global
	GlobalSection(SolutionConfigurationPlatforms) = preSolution
		Debug|Any CPU = Debug|Any CPU
		Release|Any CPU = Release|Any CPU
	EndGlobalSection
	GlobalSection(ProjectConfigurationPlatforms) = postSolution
		{CF796038-1D83-4BC4-A136-198E58E6B85B}.Debug|Any CPU.ActiveCfg = Debug|Any CPU
		{CF796038-1D83-4BC4-A136-198E58E6B85B}.Debug|Any CPU.Build.0 = Debug|Any CPU
		{CF796038-1D83-4BC4-A136-198E58E6B85B}.Release|Any CPU.ActiveCfg = Release|Any CPU
		{CF796038-1D83-4BC4-A136-198E58E6B85B}.Release|Any CPU.Build.0 = Release|Any CPU
		{7631176E-37DC-4CCF-8650-8F656BB5A445}.Debug|Any CPU.ActiveCfg = Debug|Any CPU
		{7631176E-37DC-4CCF-8650-8F656BB5A445}.Debug|Any CPU.Build.0 = Debug|Any CPU
		{7631176E-37DC-4CCF-8650-8F656BB5A445}.Release|Any CPU.ActiveCfg = Release|Any CPU
		{7631176E-37DC-4CCF-8650-8F656BB5A445}.Release|Any CPU.Build.0 = Release|Any CPU
	EndGlobalSection
	GlobalSection(SolutionProperties) = preSolution
		HideSolutionNode = FALSE
	EndGlobalSection
	GlobalSection(NestedProjects) = preSolution
		{CF796038-1D83-4BC4-A136-198E58E6B85B} = {FECE806B-42AC-4DFB-9904-B5DD23B903C4}
		{7631176E-37DC-4CCF-8650-8F656BB5A445} = {62D4EE65-EC72-402E-B411-5D1A67F7F468}
	EndGlobalSection
	GlobalSection(ExtensibilityGlobals) = postSolution
		SolutionGuid = {523C921A-EC3F-4B78-AD96-570078E8B51A}
	EndGlobalSection
EndGlobal
